
Microsoft Visual Studio Solution File, Format Version 12.00
# Visual Studio Version 17
VisualStudioVersion = 17.6.33829.357
MinimumVisualStudioVersion = 10.0.40219.1
Project("{FAE04EC0-301F-11D3-BF4B-00C04F79EFBC}") = "MyFirstMudBlazorProject", "MyFirstMudBlazorProject\MyFirstMudBlazorProject.csproj", "{563C1755-8549-4F39-A7E4-1423383FFB68}"
EndProject
Project("{FAE04EC0-301F-11D3-BF4B-00C04F79EFBC}") = "MyFirstBlazorTestProject", "MyFirstBlazorTestProject\MyFirstBlazorTestProject.csproj", "{EA5B97AD-4D56-471A-A8CF-D522A0973B18}"
EndProject
Global
	GlobalSection(SolutionConfigurationPlatforms) = preSolution
		Debug|Any CPU = Debug|Any CPU
		Release|Any CPU = Release|Any CPU
	EndGlobalSection
	GlobalSection(ProjectConfigurationPlatforms) = postSolution
		{563C1755-8549-4F39-A7E4-1423383FFB68}.Debug|Any CPU.ActiveCfg = Debug|Any CPU
		{563C1755-8549-4F39-A7E4-1423383FFB68}.Debug|Any CPU.Build.0 = Debug|Any CPU
		{563C1755-8549-4F39-A7E4-1423383FFB68}.Release|Any CPU.ActiveCfg = Release|Any CPU
		{563C1755-8549-4F39-A7E4-1423383FFB68}.Release|Any CPU.Build.0 = Release|Any CPU
		{EA5B97AD-4D56-471A-A8CF-D522A0973B18}.Debug|Any CPU.ActiveCfg = Debug|Any CPU
		{EA5B97AD-4D56-471A-A8CF-D522A0973B18}.Debug|Any CPU.Build.0 = Debug|Any CPU
		{EA5B97AD-4D56-471A-A8CF-D522A0973B18}.Release|Any CPU.ActiveCfg = Release|Any CPU
		{EA5B97AD-4D56-471A-A8CF-D522A0973B18}.Release|Any CPU.Build.0 = Release|Any CPU
	EndGlobalSection
	GlobalSection(SolutionProperties) = preSolution
		HideSolutionNode = FALSE
	EndGlobalSection
	GlobalSection(ExtensibilityGlobals) = postSolution
		SolutionGuid = {1DBDAB07-AD08-4405-B5E5-B1D4D7A03A61}
	EndGlobalSection
EndGlobal
